
Microsoft Visual Studio Solution File, Format Version 12.00
# Visual Studio 2012
Project("{FAE04EC0-301F-11D3-BF4B-00C04F79EFBC}") = "client_consul1", "client_consul1\client_consul1.csproj", "{24E491C6-A98D-49DD-BA60-697BEFDA80B2}"
EndProject
Project("{FAE04EC0-301F-11D3-BF4B-00C04F79EFBC}") = "aspnet1", "aspnet1\aspnet1.csproj", "{DA9A5FA1-CA7E-41A3-8C8B-5F8FA0DA188F}"
EndProject
Global
	GlobalSection(SolutionConfigurationPlatforms) = preSolution
		Debug|Any CPU = Debug|Any CPU
		Release|Any CPU = Release|Any CPU
	EndGlobalSection
	GlobalSection(ProjectConfigurationPlatforms) = postSolution
		{24E491C6-A98D-49DD-BA60-697BEFDA80B2}.Debug|Any CPU.ActiveCfg = Debug|Any CPU
		{24E491C6-A98D-49DD-BA60-697BEFDA80B2}.Debug|Any CPU.Build.0 = Debug|Any CPU
		{24E491C6-A98D-49DD-BA60-697BEFDA80B2}.Release|Any CPU.ActiveCfg = Release|Any CPU
		{24E491C6-A98D-49DD-BA60-697BEFDA80B2}.Release|Any CPU.Build.0 = Release|Any CPU
		{DA9A5FA1-CA7E-41A3-8C8B-5F8FA0DA188F}.Debug|Any CPU.ActiveCfg = Debug|Any CPU
		{DA9A5FA1-CA7E-41A3-8C8B-5F8FA0DA188F}.Debug|Any CPU.Build.0 = Debug|Any CPU
		{DA9A5FA1-CA7E-41A3-8C8B-5F8FA0DA188F}.Release|Any CPU.ActiveCfg = Release|Any CPU
		{DA9A5FA1-CA7E-41A3-8C8B-5F8FA0DA188F}.Release|Any CPU.Build.0 = Release|Any CPU
	EndGlobalSection
EndGlobal
